
Microsoft Visual Studio Solution File, Format Version 12.00
# Visual Studio 15
VisualStudioVersion = 15.0.28307.136
MinimumVisualStudioVersion = 10.0.40219.1
Project("{FAE04EC0-301F-11D3-BF4B-00C04F79EFBC}") = "NugetServerDemo", "NugetServerDemo\NugetServerDemo.csproj", "{940C56B7-38A7-4102-AB4C-9715A878C32D}"
EndProject
Project("{FAE04EC0-301F-11D3-BF4B-00C04F79EFBC}") = "ClassLibrary1", "ClassLibrary1\ClassLibrary1.csproj", "{121E1C9B-36EF-435E-B29B-637304BB64B8}"
EndProject
Project("{FAE04EC0-301F-11D3-BF4B-00C04F79EFBC}") = "NugetTest", "NugetTest\NugetTest.csproj", "{F93AC981-97D9-4B0B-A9F3-26181F0BF97C}"
EndProject
Global
	GlobalSection(SolutionConfigurationPlatforms) = preSolution
		Debug|Any CPU = Debug|Any CPU
		Release|Any CPU = Release|Any CPU
	EndGlobalSection
	GlobalSection(ProjectConfigurationPlatforms) = postSolution
		{940C56B7-38A7-4102-AB4C-9715A878C32D}.Debug|Any CPU.ActiveCfg = Debug|Any CPU
		{940C56B7-38A7-4102-AB4C-9715A878C32D}.Debug|Any CPU.Build.0 = Debug|Any CPU
		{940C56B7-38A7-4102-AB4C-9715A878C32D}.Release|Any CPU.ActiveCfg = Release|Any CPU
		{940C56B7-38A7-4102-AB4C-9715A878C32D}.Release|Any CPU.Build.0 = Release|Any CPU
		{121E1C9B-36EF-435E-B29B-637304BB64B8}.Debug|Any CPU.ActiveCfg = Debug|Any CPU
		{121E1C9B-36EF-435E-B29B-637304BB64B8}.Debug|Any CPU.Build.0 = Debug|Any CPU
		{121E1C9B-36EF-435E-B29B-637304BB64B8}.Release|Any CPU.ActiveCfg = Release|Any CPU
		{121E1C9B-36EF-435E-B29B-637304BB64B8}.Release|Any CPU.Build.0 = Release|Any CPU
		{F93AC981-97D9-4B0B-A9F3-26181F0BF97C}.Debug|Any CPU.ActiveCfg = Debug|Any CPU
		{F93AC981-97D9-4B0B-A9F3-26181F0BF97C}.Debug|Any CPU.Build.0 = Debug|Any CPU
		{F93AC981-97D9-4B0B-A9F3-26181F0BF97C}.Release|Any CPU.ActiveCfg = Release|Any CPU
		{F93AC981-97D9-4B0B-A9F3-26181F0BF97C}.Release|Any CPU.Build.0 = Release|Any CPU
	EndGlobalSection
	GlobalSection(SolutionProperties) = preSolution
		HideSolutionNode = FALSE
	EndGlobalSection
	GlobalSection(ExtensibilityGlobals) = postSolution
		SolutionGuid = {A6286DEA-63C9-491C-8D81-1C127FED3D5B}
	EndGlobalSection
EndGlobal
